
Microsoft Visual Studio Solution File, Format Version 12.00
# Visual Studio Version 16
VisualStudioVersion = 16.0.29613.14
MinimumVisualStudioVersion = 10.0.40219.1
Project("{9A19103F-16F7-4668-BE54-9A1E7A4F7556}") = "DojoDDD.Api", "src\DojoDDD.Api\DojoDDD.Api.csproj", "{DCDDFC2F-A55A-40B1-9E1F-86BD4F08CACD}"
EndProject
Project("{2150E333-8FDC-42A3-9474-1A3956D46DE8}") = "Solution Items", "Solution Items", "{39CF43C0-6791-43B4-8D78-4EB551AFB977}"
	ProjectSection(SolutionItems) = preProject
		.gitattributes = .gitattributes
		.gitignore = .gitignore
	EndProjectSection
EndProject
Project("{9A19103F-16F7-4668-BE54-9A1E7A4F7556}") = "DojoDDD.Business", "src\DojoDDD.Business\DojoDDD.Business.csproj", "{D383C984-DA26-4A2C-8D0C-746F1A08A3EC}"
EndProject
Project("{9A19103F-16F7-4668-BE54-9A1E7A4F7556}") = "DojoDDD.Helpers", "src\DojoDDD.Helpers\DojoDDD.Helpers.csproj", "{7B83AD11-185B-42A1-84E7-0765F28BEA6D}"
EndProject
Project("{9A19103F-16F7-4668-BE54-9A1E7A4F7556}") = "DojoDDD.Model", "src\DojoDDD.Model\DojoDDD.Model.csproj", "{704B796E-35F4-465D-9FD5-CEE68D03CBCD}"
EndProject
Project("{9A19103F-16F7-4668-BE54-9A1E7A4F7556}") = "DojoDDD.Repository", "src\DojoDDD.Repository\DojoDDD.Repository.csproj", "{EA1966B0-114A-445B-A836-7FAF35A8B686}"
EndProject
Global
	GlobalSection(SolutionConfigurationPlatforms) = preSolution
		Debug|Any CPU = Debug|Any CPU
		Release|Any CPU = Release|Any CPU
	EndGlobalSection
	GlobalSection(ProjectConfigurationPlatforms) = postSolution
		{DCDDFC2F-A55A-40B1-9E1F-86BD4F08CACD}.Debug|Any CPU.ActiveCfg = Debug|Any CPU
		{DCDDFC2F-A55A-40B1-9E1F-86BD4F08CACD}.Debug|Any CPU.Build.0 = Debug|Any CPU
		{DCDDFC2F-A55A-40B1-9E1F-86BD4F08CACD}.Release|Any CPU.ActiveCfg = Release|Any CPU
		{DCDDFC2F-A55A-40B1-9E1F-86BD4F08CACD}.Release|Any CPU.Build.0 = Release|Any CPU
		{D383C984-DA26-4A2C-8D0C-746F1A08A3EC}.Debug|Any CPU.ActiveCfg = Debug|Any CPU
		{D383C984-DA26-4A2C-8D0C-746F1A08A3EC}.Debug|Any CPU.Build.0 = Debug|Any CPU
		{D383C984-DA26-4A2C-8D0C-746F1A08A3EC}.Release|Any CPU.ActiveCfg = Release|Any CPU
		{D383C984-DA26-4A2C-8D0C-746F1A08A3EC}.Release|Any CPU.Build.0 = Release|Any CPU
		{7B83AD11-185B-42A1-84E7-0765F28BEA6D}.Debug|Any CPU.ActiveCfg = Debug|Any CPU
		{7B83AD11-185B-42A1-84E7-0765F28BEA6D}.Debug|Any CPU.Build.0 = Debug|Any CPU
		{7B83AD11-185B-42A1-84E7-0765F28BEA6D}.Release|Any CPU.ActiveCfg = Release|Any CPU
		{7B83AD11-185B-42A1-84E7-0765F28BEA6D}.Release|Any CPU.Build.0 = Release|Any CPU
		{704B796E-35F4-465D-9FD5-CEE68D03CBCD}.Debug|Any CPU.ActiveCfg = Debug|Any CPU
		{704B796E-35F4-465D-9FD5-CEE68D03CBCD}.Debug|Any CPU.Build.0 = Debug|Any CPU
		{704B796E-35F4-465D-9FD5-CEE68D03CBCD}.Release|Any CPU.ActiveCfg = Release|Any CPU
		{704B796E-35F4-465D-9FD5-CEE68D03CBCD}.Release|Any CPU.Build.0 = Release|Any CPU
		{EA1966B0-114A-445B-A836-7FAF35A8B686}.Debug|Any CPU.ActiveCfg = Debug|Any CPU
		{EA1966B0-114A-445B-A836-7FAF35A8B686}.Debug|Any CPU.Build.0 = Debug|Any CPU
		{EA1966B0-114A-445B-A836-7FAF35A8B686}.Release|Any CPU.ActiveCfg = Release|Any CPU
		{EA1966B0-114A-445B-A836-7FAF35A8B686}.Release|Any CPU.Build.0 = Release|Any CPU
	EndGlobalSection
	GlobalSection(SolutionProperties) = preSolution
		HideSolutionNode = FALSE
	EndGlobalSection
	GlobalSection(ExtensibilityGlobals) = postSolution
		SolutionGuid = {DB980C48-43EA-4E1B-90DD-096A92959D81}
	EndGlobalSection
EndGlobal
